{
  "object": {
    "pins": [
      {
        "package": "Cgd",
        "repositoryURL": "https://github.com/twostraws/Cgd.git",
        "state": {
          "branch": null,
          "revision": "2e370814715c3557bb1cbdcd96e610ce29e83e45",
          "version": "0.2.0"
        }
      },
      {
        "package": "SwiftGD",
        "repositoryURL": "https://github.com/twostraws/SwiftGD.git",
        "state": {
          "branch": null,
          "revision": "b038d13ef40ce6d11aa3599181e45f099814a053",
          "version": "2.2.0"
        }
      }
    ]
  },
  "version": 1
}
